
Microsoft Visual Studio Solution File, Format Version 12.00
# Visual Studio Version 16
VisualStudioVersion = 16.0.31410.357
MinimumVisualStudioVersion = 10.0.40219.1
Project("{2150E333-8FDC-42A3-9474-1A3956D46DE8}") = "src", "src", "{CF9AED6F-27BE-48AB-82A4-5A28B420DDBD}"
EndProject
Project("{2150E333-8FDC-42A3-9474-1A3956D46DE8}") = "tests", "tests", "{11AE8575-F695-4FF0-B0DF-4F8673DF34AD}"
EndProject
Project("{FAE04EC0-301F-11D3-BF4B-00C04F79EFBC}") = "ZChess.Domain", "ZChess.Domain\ZChess.Domain.csproj", "{5B342BEA-3FD7-46B4-8283-FB97FEDDA293}"
EndProject
Project("{FAE04EC0-301F-11D3-BF4B-00C04F79EFBC}") = "ZChess.Tests", "ZChess.Tests\ZChess.Tests.csproj", "{C5D9BD87-2F31-4DA8-B6C6-2E02CAE81574}"
EndProject
Global
	GlobalSection(SolutionConfigurationPlatforms) = preSolution
		Debug|Any CPU = Debug|Any CPU
		Release|Any CPU = Release|Any CPU
	EndGlobalSection
	GlobalSection(ProjectConfigurationPlatforms) = postSolution
		{5B342BEA-3FD7-46B4-8283-FB97FEDDA293}.Debug|Any CPU.ActiveCfg = Debug|Any CPU
		{5B342BEA-3FD7-46B4-8283-FB97FEDDA293}.Debug|Any CPU.Build.0 = Debug|Any CPU
		{5B342BEA-3FD7-46B4-8283-FB97FEDDA293}.Release|Any CPU.ActiveCfg = Release|Any CPU
		{5B342BEA-3FD7-46B4-8283-FB97FEDDA293}.Release|Any CPU.Build.0 = Release|Any CPU
		{C5D9BD87-2F31-4DA8-B6C6-2E02CAE81574}.Debug|Any CPU.ActiveCfg = Debug|Any CPU
		{C5D9BD87-2F31-4DA8-B6C6-2E02CAE81574}.Debug|Any CPU.Build.0 = Debug|Any CPU
		{C5D9BD87-2F31-4DA8-B6C6-2E02CAE81574}.Release|Any CPU.ActiveCfg = Release|Any CPU
		{C5D9BD87-2F31-4DA8-B6C6-2E02CAE81574}.Release|Any CPU.Build.0 = Release|Any CPU
	EndGlobalSection
	GlobalSection(SolutionProperties) = preSolution
		HideSolutionNode = FALSE
	EndGlobalSection
	GlobalSection(NestedProjects) = preSolution
		{5B342BEA-3FD7-46B4-8283-FB97FEDDA293} = {CF9AED6F-27BE-48AB-82A4-5A28B420DDBD}
		{C5D9BD87-2F31-4DA8-B6C6-2E02CAE81574} = {11AE8575-F695-4FF0-B0DF-4F8673DF34AD}
	EndGlobalSection
	GlobalSection(ExtensibilityGlobals) = postSolution
		SolutionGuid = {AEEAAADB-0D53-4FA5-8FA0-713BEB6EAB7F}
	EndGlobalSection
EndGlobal
